
Microsoft Visual Studio Solution File, Format Version 12.00
# Blend for Visual Studio Version 17
VisualStudioVersion = 17.0.32112.339
MinimumVisualStudioVersion = 10.0.40219.1
Project("{9A19103F-16F7-4668-BE54-9A1E7A4F7556}") = "E2EDataBinding", "E2EDataBinding\E2EDataBinding.csproj", "{DEA75F8E-CBB8-4CD9-9C86-EDDA6D6120DE}"
EndProject
Global
	GlobalSection(SolutionConfigurationPlatforms) = preSolution
		Debug|Any CPU = Debug|Any CPU
		Release|Any CPU = Release|Any CPU
	EndGlobalSection
	GlobalSection(ProjectConfigurationPlatforms) = postSolution
		{DEA75F8E-CBB8-4CD9-9C86-EDDA6D6120DE}.Debug|Any CPU.ActiveCfg = Debug|Any CPU
		{DEA75F8E-CBB8-4CD9-9C86-EDDA6D6120DE}.Debug|Any CPU.Build.0 = Debug|Any CPU
		{DEA75F8E-CBB8-4CD9-9C86-EDDA6D6120DE}.Release|Any CPU.ActiveCfg = Release|Any CPU
		{DEA75F8E-CBB8-4CD9-9C86-EDDA6D6120DE}.Release|Any CPU.Build.0 = Release|Any CPU
	EndGlobalSection
	GlobalSection(SolutionProperties) = preSolution
		HideSolutionNode = FALSE
	EndGlobalSection
	GlobalSection(ExtensibilityGlobals) = postSolution
		SolutionGuid = {BCCAD7DD-FE16-4082-A346-986FBEA0E847}
	EndGlobalSection
EndGlobal
